// !$*UTF8*$!
{
	archiveVersion = 1;
	classes = {
	};
	objectVersion = 46;
	objects = {

/* Begin PBXBuildFile section */
		AA442B1E1A76E7800093D7F9 /* AppDelegate.swift in Sources */ = {isa = PBXBuildFile; fileRef = AA442B1D1A76E7800093D7F9 /* AppDelegate.swift */; };
		AA442B201A76E7800093D7F9 /* ViewController.swift in Sources */ = {isa = PBXBuildFile; fileRef = AA442B1F1A76E7800093D7F9 /* ViewController.swift */; };
		AA442B231A76E7800093D7F9 /* Main.storyboard in Resources */ = {isa = PBXBuildFile; fileRef = AA442B211A76E7800093D7F9 /* Main.storyboard */; };
		AA442B251A76E7800093D7F9 /* Images.xcassets in Resources */ = {isa = PBXBuildFile; fileRef = AA442B241A76E7800093D7F9 /* Images.xcassets */; };
		AA442B281A76E7800093D7F9 /* LaunchScreen.xib in Resources */ = {isa = PBXBuildFile; fileRef = AA442B261A76E7800093D7F9 /* LaunchScreen.xib */; };
		AA442B341A76E7800093D7F9 /* ToDawesomeTests.swift in Sources */ = {isa = PBXBuildFile; fileRef = AA442B331A76E7800093D7F9 /* ToDawesomeTests.swift */; };
/* End PBXBuildFile section */

/* Begin PBXContainerItemProxy section */
		AA442B2E1A76E7800093D7F9 /* PBXContainerItemProxy */ = {
			isa = PBXContainerItemProxy;
			containerPortal = AA442B101A76E7800093D7F9 /* Project object */;
			proxyType = 1;
			remoteGlobalIDString = AA442B171A76E7800093D7F9;
			remoteInfo = ToDawesome;
		};
/* End PBXContainerItemProxy section */

/* Begin PBXFileReference section */
		AA442B181A76E7800093D7F9 /* ToDawesome.app */ = {isa = PBXFileReference; explicitFileType = wrapper.application; includeInIndex = 0; path = ToDawesome.app; sourceTree = BUILT_PRODUCTS_DIR; };
		AA442B1C1A76E7800093D7F9 /* Info.plist */ = {isa = PBXFileReference; lastKnownFileType = text.plist.xml; path = Info.plist; sourceTree = "<group>"; };
		AA442B1D1A76E7800093D7F9 /* AppDelegate.swift */ = {isa = PBXFileReference; lastKnownFileType = sourcecode.swift; path = AppDelegate.swift; sourceTree = "<group>"; };
		AA442B1F1A76E7800093D7F9 /* ViewController.swift */ = {isa = PBXFileReference; lastKnownFileType = sourcecode.swift; path = ViewController.swift; sourceTree = "<group>"; };
		AA442B221A76E7800093D7F9 /* Base */ = {isa = PBXFileReference; lastKnownFileType = file.storyboard; name = Base; path = Base.lproj/Main.storyboard; sourceTree = "<group>"; };
		AA442B241A76E7800093D7F9 /* Images.xcassets */ = {isa = PBXFileReference; lastKnownFileType = folder.assetcatalog; path = Images.xcassets; sourceTree = "<group>"; };
		AA442B271A76E7800093D7F9 /* Base */ = {isa = PBXFileReference; lastKnownFileType = file.xib; name = Base; path = Base.lproj/LaunchScreen.xib; sourceTree = "<group>"; };
		AA442B2D1A76E7800093D7F9 /* ToDawesomeTests.xctest */ = {isa = PBXFileReference; explicitFileType = wrapper.cfbundle; includeInIndex = 0; path = ToDawesomeTests.xctest; sourceTree = BUILT_PRODUCTS_DIR; };
		AA442B321A76E7800093D7F9 /* Info.plist */ = {isa = PBXFileReference; lastKnownFileType = text.plist.xml; path = Info.plist; sourceTree = "<group>"; };
		AA442B331A76E7800093D7F9 /* ToDawesomeTests.swift */ = {isa = PBXFileReference; lastKnownFileType = sourcecode.swift; path = ToDawesomeTests.swift; sourceTree = "<group>"; };
/* End PBXFileReference section */

/* Begin PBXFrameworksBuildPhase section */
		AA442B151A76E7800093D7F9 /* Frameworks */ = {
			isa = PBXFrameworksBuildPhase;
			buildActionMask = 2147483647;
			files = (
			);
			runOnlyForDeploymentPostprocessing = 0;
		};
		AA442B2A1A76E7800093D7F9 /* Frameworks */ = {
			isa = PBXFrameworksBuildPhase;
			buildActionMask = 2147483647;
			files = (
			);
			runOnlyForDeploymentPostprocessing = 0;
		};
/* End PBXFrameworksBuildPhase section */

/* Begin PBXGroup section */
		AA442B0F1A76E7800093D7F9 = {
			isa = PBXGroup;
			children = (
				AA442B1A1A76E7800093D7F9 /* ToDawesome */,
				AA442B301A76E7800093D7F9 /* ToDawesomeTests */,
				AA442B191A76E7800093D7F9 /* Products */,
			);
			sourceTree = "<group>";
		};
		AA442B191A76E7800093D7F9 /* Products */ = {
			isa = PBXGroup;
			children = (
				AA442B181A76E7800093D7F9 /* ToDawesome.app */,
				AA442B2D1A76E7800093D7F9 /* ToDawesomeTests.xctest */,
			);
			name = Products;
			sourceTree = "<group>";
		};
		AA442B1A1A76E7800093D7F9 /* ToDawesome */ = {
			isa = PBXGroup;
			children = (
				AA442B1D1A76E7800093D7F9 /* AppDelegate.swift */,
				AA442B1F1A76E7800093D7F9 /* ViewController.swift */,
				AA442B211A76E7800093D7F9 /* Main.storyboard */,
				AA442B241A76E7800093D7F9 /* Images.xcassets */,
				AA442B261A76E7800093D7F9 /* LaunchScreen.xib */,
				AA442B1B1A76E7800093D7F9 /* Supporting Files */,
			);
			path = ToDawesome;
			sourceTree = "<group>";
		};
		AA442B1B1A76E7800093D7F9 /* Supporting Files */ = {
			isa = PBXGroup;
			children = (
				AA442B1C1A76E7800093D7F9 /* Info.plist */,
			);
			name = "Supporting Files";
			sourceTree = "<group>";
		};
		AA442B301A76E7800093D7F9 /* ToDawesomeTests */ = {
			isa = PBXGroup;
			children = (
				AA442B331A76E7800093D7F9 /* ToDawesomeTests.swift */,
				AA442B311A76E7800093D7F9 /* Supporting Files */,
			);
			path = ToDawesomeTests;
			sourceTree = "<group>";
		};
		AA442B311A76E7800093D7F9 /* Supporting Files */ = {
			isa = PBXGroup;
			children = (
				AA442B321A76E7800093D7F9 /* Info.plist */,
			);
			name = "Supporting Files";
			sourceTree = "<group>";
		};
/* End PBXGroup section */

/* Begin PBXNativeTarget section */
		AA442B171A76E7800093D7F9 /* ToDawesome */ = {
			isa = PBXNativeTarget;
			buildConfigurationList = AA442B371A76E7800093D7F9 /* Build configuration list for PBXNativeTarget "ToDawesome" */;
			buildPhases = (
				AA442B141A76E7800093D7F9 /* Sources */,
				AA442B151A76E7800093D7F9 /* Frameworks */,
				AA442B161A76E7800093D7F9 /* Resources */,
			);
			buildRules = (
			);
			dependencies = (
			);
			name = ToDawesome;
			productName = ToDawesome;
			productReference = AA442B181A76E7800093D7F9 /* ToDawesome.app */;
			productType = "com.apple.product-type.application";
		};
		AA442B2C1A76E7800093D7F9 /* ToDawesomeTests */ = {
			isa = PBXNativeTarget;
			buildConfigurationList = AA442B3A1A76E7800093D7F9 /* Build configuration list for PBXNativeTarget "ToDawesomeTests" */;
			buildPhases = (
				AA442B291A76E7800093D7F9 /* Sources */,
				AA442B2A1A76E7800093D7F9 /* Frameworks */,
				AA442B2B1A76E7800093D7F9 /* Resources */,
			);
			buildRules = (
			);
			dependencies = (
				AA442B2F1A76E7800093D7F9 /* PBXTargetDependency */,
			);
			name = ToDawesomeTests;
			productName = ToDawesomeTests;
			productReference = AA442B2D1A76E7800093D7F9 /* ToDawesomeTests.xctest */;
			productType = "com.apple.product-type.bundle.unit-test";
		};
/* End PBXNativeTarget section */

/* Begin PBXProject section */
		AA442B101A76E7800093D7F9 /* Project object */ = {
			isa = PBXProject;
			attributes = {
				LastUpgradeCheck = 0610;
				ORGANIZATIONNAME = "Christian Selig";
				TargetAttributes = {
					AA442B171A76E7800093D7F9 = {
						CreatedOnToolsVersion = 6.1.1;
					};
					AA442B2C1A76E7800093D7F9 = {
						CreatedOnToolsVersion = 6.1.1;
						TestTargetID = AA442B171A76E7800093D7F9;
					};
				};
			};
			buildConfigurationList = AA442B131A76E7800093D7F9 /* Build configuration list for PBXProject "ToDawesome" */;
			compatibilityVersion = "Xcode 3.2";
			developmentRegion = English;
			hasScannedForEncodings = 0;
			knownRegions = (
				en,
				Base,
			);
			mainGroup = AA442B0F1A76E7800093D7F9;
			productRefGroup = AA442B191A76E7800093D7F9 /* Products */;
			projectDirPath = "";
			projectRoot = "";
			targets = (
				AA442B171A76E7800093D7F9 /* ToDawesome */,
				AA442B2C1A76E7800093D7F9 /* ToDawesomeTests */,
			);
		};
/* End PBXProject section */

/* Begin PBXResourcesBuildPhase section */
		AA442B161A76E7800093D7F9 /* Resources */ = {
			isa = PBXResourcesBuildPhase;
			buildActionMask = 2147483647;
			files = (
				AA442B231A76E7800093D7F9 /* Main.storyboard in Resources */,
				AA442B281A76E7800093D7F9 /* LaunchScreen.xib in Resources */,
				AA442B251A76E7800093D7F9 /* Images.xcassets in Resources */,
			);
			runOnlyForDeploymentPostprocessing = 0;
		};
		AA442B2B1A76E7800093D7F9 /* Resources */ = {
			isa = PBXResourcesBuildPhase;
			buildActionMask = 2147483647;
			files = (
			);
			runOnlyForDeploymentPostprocessing = 0;
		};
/* End PBXResourcesBuildPhase section */

/* Begin PBXSourcesBuildPhase section */
		AA442B141A76E7800093D7F9 /* Sources */ = {
			isa = PBXSourcesBuildPhase;
			buildActionMask = 2147483647;
			files = (
				AA442B201A76E7800093D7F9 /* ViewController.swift in Sources */,
				AA442B1E1A76E7800093D7F9 /* AppDelegate.swift in Sources */,
			);
			runOnlyForDeploymentPostprocessing = 0;
		};
		AA442B291A76E7800093D7F9 /* Sources */ = {
			isa = PBXSourcesBuildPhase;
			buildActionMask = 2147483647;
			files = (
				AA442B341A76E7800093D7F9 /* ToDawesomeTests.swift in Sources */,
			);
			runOnlyForDeploymentPostprocessing = 0;
		};
/* End PBXSourcesBuildPhase section */

/* Begin PBXTargetDependency section */
		AA442B2F1A76E7800093D7F9 /* PBXTargetDependency */ = {
			isa = PBXTargetDependency;
			target = AA442B171A76E7800093D7F9 /* ToDawesome */;
			targetProxy = AA442B2E1A76E7800093D7F9 /* PBXContainerItemProxy */;
		};
/* End PBXTargetDependency section */

/* Begin PBXVariantGroup section */
		AA442B211A76E7800093D7F9 /* Main.storyboard */ = {
			isa = PBXVariantGroup;
			children = (
				AA442B221A76E7800093D7F9 /* Base */,
			);
			name = Main.storyboard;
			sourceTree = "<group>";
		};
		AA442B261A76E7800093D7F9 /* LaunchScreen.xib */ = {
			isa = PBXVariantGroup;
			children = (
				AA442B271A76E7800093D7F9 /* Base */,
			);
			name = LaunchScreen.xib;
			sourceTree = "<group>";
		};
/* End PBXVariantGroup section */

/* Begin XCBuildConfiguration section */
		AA442B351A76E7800093D7F9 /* Debug */ = {
			isa = XCBuildConfiguration;
			buildSettings = {
				ALWAYS_SEARCH_USER_PATHS = NO;
				CLANG_CXX_LANGUAGE_STANDARD = "gnu++0x";
				CLANG_CXX_LIBRARY = "libc++";
				CLANG_ENABLE_MODULES = YES;
				CLANG_ENABLE_OBJC_ARC = YES;
				CLANG_WARN_BOOL_CONVERSION = YES;
				CLANG_WARN_CONSTANT_CONVERSION = YES;
				CLANG_WARN_DIRECT_OBJC_ISA_USAGE = YES_ERROR;
				CLANG_WARN_EMPTY_BODY = YES;
				CLANG_WARN_ENUM_CONVERSION = YES;
				CLANG_WARN_INT_CONVERSION = YES;
				CLANG_WARN_OBJC_ROOT_CLASS = YES_ERROR;
				CLANG_WARN_UNREACHABLE_CODE = YES;
				CLANG_WARN__DUPLICATE_METHOD_MATCH = YES;
				"CODE_SIGN_IDENTITY[sdk=iphoneos*]" = "iPhone Developer";
				COPY_PHASE_STRIP = NO;
				ENABLE_STRICT_OBJC_MSGSEND = YES;
				GCC_C_LANGUAGE_STANDARD = gnu99;
				GCC_DYNAMIC_NO_PIC = NO;
				GCC_OPTIMIZATION_LEVEL = 0;
				GCC_PREPROCESSOR_DEFINITIONS = (
					"DEBUG=1",
					"$(inherited)",
				);
				GCC_SYMBOLS_PRIVATE_EXTERN = NO;
				GCC_WARN_64_TO_32_BIT_CONVERSION = YES;
				GCC_WARN_ABOUT_RETURN_TYPE = YES_ERROR;
				GCC_WARN_UNDECLARED_SELECTOR = YES;
				GCC_WARN_UNINITIALIZED_AUTOS = YES_AGGRESSIVE;
				GCC_WARN_UNUSED_FUNCTION = YES;
				GCC_WARN_UNUSED_VARIABLE = YES;
				IPHONEOS_DEPLOYMENT_TARGET = 8.1;
				MTL_ENABLE_DEBUG_INFO = YES;
				ONLY_ACTIVE_ARCH = YES;
				SDKROOT = iphoneos;
				SWIFT_OPTIMIZATION_LEVEL = "-Onone";
			};
			name = Debug;
		};
		AA442B361A76E7800093D7F9 /* Release */ = {
			isa = XCBuildConfiguration;
			buildSettings = {
				ALWAYS_SEARCH_USER_PATHS = NO;
				CLANG_CXX_LANGUAGE_STANDARD = "gnu++0x";
				CLANG_CXX_LIBRARY = "libc++";
				CLANG_ENABLE_MODULES = YES;
				CLANG_ENABLE_OBJC_ARC = YES;
				CLANG_WARN_BOOL_CONVERSION = YES;
				CLANG_WARN_CONSTANT_CONVERSION = YES;
				CLANG_WARN_DIRECT_OBJC_ISA_USAGE = YES_ERROR;
				CLANG_WARN_EMPTY_BODY = YES;
				CLANG_WARN_ENUM_CONVERSION = YES;
				CLANG_WARN_INT_CONVERSION = YES;
				CLANG_WARN_OBJC_ROOT_CLASS = YES_ERROR;
				CLANG_WARN_UNREACHABLE_CODE = YES;
				CLANG_WARN__DUPLICATE_METHOD_MATCH = YES;
				"CODE_SIGN_IDENTITY[sdk=iphoneos*]" = "iPhone Developer";
				COPY_PHASE_STRIP = YES;
				ENABLE_NS_ASSERTIONS = NO;
				ENABLE_STRICT_OBJC_MSGSEND = YES;
				GCC_C_LANGUAGE_STANDARD = gnu99;
				GCC_WARN_64_TO_32_BIT_CONVERSION = YES;
				GCC_WARN_ABOUT_RETURN_TYPE = YES_ERROR;
				GCC_WARN_UNDECLARED_SELECTOR = YES;
				GCC_WARN_UNINITIALIZED_AUTOS = YES_AGGRESSIVE;
				GCC_WARN_UNUSED_FUNCTION = YES;
				GCC_WARN_UNUSED_VARIABLE = YES;
				IPHONEOS_DEPLOYMENT_TARGET = 8.1;
				MTL_ENABLE_DEBUG_INFO = NO;
				SDKROOT = iphoneos;
				VALIDATE_PRODUCT = YES;
			};
			name = Release;
		};
		AA442B381A76E7800093D7F9 /* Debug */ = {
			isa = XCBuildConfiguration;
			buildSettings = {
				ASSETCATALOG_COMPILER_APPICON_NAME = AppIcon;
				INFOPLIST_FILE = ToDawesome/Info.plist;
				LD_RUNPATH_SEARCH_PATHS = "$(inherited) @executable_path/Frameworks";
				PRODUCT_NAME = "$(TARGET_NAME)";
			};
			name = Debug;
		};
		AA442B391A76E7800093D7F9 /* Release */ = {
			isa = XCBuildConfiguration;
			buildSettings = {
				ASSETCATALOG_COMPILER_APPICON_NAME = AppIcon;
				INFOPLIST_FILE = ToDawesome/Info.plist;
				LD_RUNPATH_SEARCH_PATHS = "$(inherited) @executable_path/Frameworks";
				PRODUCT_NAME = "$(TARGET_NAME)";
			};
			name = Release;
		};
		AA442B3B1A76E7800093D7F9 /* Debug */ = {
			isa = XCBuildConfiguration;
			buildSettings = {
				BUNDLE_LOADER = "$(TEST_HOST)";
				FRAMEWORK_SEARCH_PATHS = (
					"$(SDKROOT)/Developer/Library/Frameworks",
					"$(inherited)",
				);
				GCC_PREPROCESSOR_DEFINITIONS = (
					"DEBUG=1",
					"$(inherited)",
				);
				INFOPLIST_FILE = ToDawesomeTests/Info.plist;
				LD_RUNPATH_SEARCH_PATHS = "$(inherited) @executable_path/Frameworks @loader_path/Frameworks";
				PRODUCT_NAME = "$(TARGET_NAME)";
				TEST_HOST = "$(BUILT_PRODUCTS_DIR)/ToDawesome.app/ToDawesome";
			};
			name = Debug;
		};
		AA442B3C1A76E7800093D7F9 /* Release */ = {
			isa = XCBuildConfiguration;
			buildSettings = {
				BUNDLE_LOADER = "$(TEST_HOST)";
				FRAMEWORK_SEARCH_PATHS = (
					"$(SDKROOT)/Developer/Library/Frameworks",
					"$(inherited)",
				);
				INFOPLIST_FILE = ToDawesomeTests/Info.plist;
				LD_RUNPATH_SEARCH_PATHS = "$(inherited) @executable_path/Frameworks @loader_path/Frameworks";
				PRODUCT_NAME = "$(TARGET_NAME)";
				TEST_HOST = "$(BUILT_PRODUCTS_DIR)/ToDawesome.app/ToDawesome";
			};
			name = Release;
		};
/* End XCBuildConfiguration section */

/* Begin XCConfigurationList section */
		AA442B131A76E7800093D7F9 /* Build configuration list for PBXProject "ToDawesome" */ = {
			isa = XCConfigurationList;
			buildConfigurations = (
				AA442B351A76E7800093D7F9 /* Debug */,
				AA442B361A76E7800093D7F9 /* Release */,
			);
			defaultConfigurationIsVisible = 0;
			defaultConfigurationName = Release;
		};
		AA442B371A76E7800093D7F9 /* Build configuration list for PBXNativeTarget "ToDawesome" */ = {
			isa = XCConfigurationList;
			buildConfigurations = (
				AA442B381A76E7800093D7F9 /* Debug */,
				AA442B391A76E7800093D7F9 /* Release */,
			);
			defaultConfigurationIsVisible = 0;
		};
		AA442B3A1A76E7800093D7F9 /* Build configuration list for PBXNativeTarget "ToDawesomeTests" */ = {
			isa = XCConfigurationList;
			buildConfigurations = (
				AA442B3B1A76E7800093D7F9 /* Debug */,
				AA442B3C1A76E7800093D7F9 /* Release */,
			);
			defaultConfigurationIsVisible = 0;
		};
/* End XCConfigurationList section */
	};
	rootObject = AA442B101A76E7800093D7F9 /* Project object */;
}
